
Microsoft Visual Studio Solution File, Format Version 12.00
# Visual Studio Version 16
VisualStudioVersion = 16.0.31112.23
MinimumVisualStudioVersion = 10.0.40219.1
Project("{FAE04EC0-301F-11D3-BF4B-00C04F79EFBC}") = "Beadando_feladat", "Beadando_feladat\Beadando_feladat.csproj", "{DE9722CE-4509-4DAA-B65C-2B02982366B6}"
EndProject
Global
	GlobalSection(SolutionConfigurationPlatforms) = preSolution
		Debug|Any CPU = Debug|Any CPU
		Release|Any CPU = Release|Any CPU
	EndGlobalSection
	GlobalSection(ProjectConfigurationPlatforms) = postSolution
		{DE9722CE-4509-4DAA-B65C-2B02982366B6}.Debug|Any CPU.ActiveCfg = Debug|Any CPU
		{DE9722CE-4509-4DAA-B65C-2B02982366B6}.Debug|Any CPU.Build.0 = Debug|Any CPU
		{DE9722CE-4509-4DAA-B65C-2B02982366B6}.Release|Any CPU.ActiveCfg = Release|Any CPU
		{DE9722CE-4509-4DAA-B65C-2B02982366B6}.Release|Any CPU.Build.0 = Release|Any CPU
	EndGlobalSection
	GlobalSection(SolutionProperties) = preSolution
		HideSolutionNode = FALSE
	EndGlobalSection
	GlobalSection(ExtensibilityGlobals) = postSolution
		SolutionGuid = {A04851DF-3471-4D5A-A9C7-2F900261BE73}
	EndGlobalSection
EndGlobal
